
Microsoft Visual Studio Solution File, Format Version 12.00
# Visual Studio Version 17
VisualStudioVersion = 17.3.32929.385
MinimumVisualStudioVersion = 10.0.40219.1
Project("{FAE04EC0-301F-11D3-BF4B-00C04F79EFBC}") = "MDT Technical", "MDT Technical\MDT Technical.csproj", "{0DA97531-DD44-422A-B45D-2DCD7FD5A31B}"
EndProject
Project("{FAE04EC0-301F-11D3-BF4B-00C04F79EFBC}") = "Generator Console", "Generator Console\Generator Console.csproj", "{A5C13D32-6DF4-49AB-A37B-997CA70AFFAE}"
EndProject
Global
	GlobalSection(SolutionConfigurationPlatforms) = preSolution
		Debug|Any CPU = Debug|Any CPU
		Release|Any CPU = Release|Any CPU
	EndGlobalSection
	GlobalSection(ProjectConfigurationPlatforms) = postSolution
		{0DA97531-DD44-422A-B45D-2DCD7FD5A31B}.Debug|Any CPU.ActiveCfg = Debug|Any CPU
		{0DA97531-DD44-422A-B45D-2DCD7FD5A31B}.Debug|Any CPU.Build.0 = Debug|Any CPU
		{0DA97531-DD44-422A-B45D-2DCD7FD5A31B}.Release|Any CPU.ActiveCfg = Release|Any CPU
		{0DA97531-DD44-422A-B45D-2DCD7FD5A31B}.Release|Any CPU.Build.0 = Release|Any CPU
		{A5C13D32-6DF4-49AB-A37B-997CA70AFFAE}.Debug|Any CPU.ActiveCfg = Debug|Any CPU
		{A5C13D32-6DF4-49AB-A37B-997CA70AFFAE}.Debug|Any CPU.Build.0 = Debug|Any CPU
		{A5C13D32-6DF4-49AB-A37B-997CA70AFFAE}.Release|Any CPU.ActiveCfg = Release|Any CPU
		{A5C13D32-6DF4-49AB-A37B-997CA70AFFAE}.Release|Any CPU.Build.0 = Release|Any CPU
	EndGlobalSection
	GlobalSection(SolutionProperties) = preSolution
		HideSolutionNode = FALSE
	EndGlobalSection
	GlobalSection(ExtensibilityGlobals) = postSolution
		SolutionGuid = {F9E24707-C56F-447B-9769-493C3C574C67}
	EndGlobalSection
EndGlobal
